<?xml version="1.0" encoding="UTF-8" standalone="yes" ?>
<CodeBlocks_project_file>
	<FileVersion major="1" minor="6" />
	<Project>
		<Option title="RTv1" />
		<Option execution_dir="../RTv1" />
		<Option pch_mode="2" />
		<Option compiler="gcc" />
		<Build>
			<Target title="Debug">
				<Option output="RTv1" prefix_auto="1" extension_auto="1" />
				<Option object_output="objs/" />
				<Option type="1" />
				<Option compiler="gcc" />
				<Compiler>
					<Add option="-Wall" />
					<Add option="-std=c99" />
					<Add option="-m32" />
					<Add option="-g" />
				</Compiler>
				<Linker>
					<Add option="-m32" />
				</Linker>
			</Target>
		</Build>
		<Compiler>
			<Add option="-Wextra" />
			<Add option="-Wall" />
			<Add option="-std=c99" />
			<Add option="-m32" />
			<Add directory="C:/Program Files/NVIDIA GPU Computing Toolkit/CUDA/v8.0/include" />
			<Add directory="C:/MinGW-DevLib/include" />
			<Add directory="libft/includes" />
			<Add directory="includes" />
		</Compiler>
		<Linker>
			<Add option="-m32" />
			<Add option="-lmingw32 -lSDL2main -lSDL2 -lft -lOpenCL" />
			<Add directory="C:/MinGW-DevLib/lib" />
			<Add directory="libft" />
			<Add directory="C:/Program Files/NVIDIA GPU Computing Toolkit/CUDA/v8.0/lib/Win32" />
		</Linker>
		<Unit filename="includes/esdl.h" />
		<Unit filename="includes/global.h" />
		<Unit filename="includes/kernel.h" />
		<Unit filename="includes/rtv1.h" />
		<Unit filename="includes/stdafx.h" />
		<Unit filename="includes/vec3.h" />
		<Unit filename="srcs/esdl_color.c">
			<Option compilerVar="CC" />
		</Unit>
		<Unit filename="srcs/esdl_events.c">
			<Option compilerVar="CC" />
		</Unit>
		<Unit filename="srcs/esdl_exit.c">
			<Option compilerVar="CC" />
		</Unit>
		<Unit filename="srcs/esdl_fps.c">
			<Option compilerVar="CC" />
		</Unit>
		<Unit filename="srcs/esdl_image.c">
			<Option compilerVar="CC" />
		</Unit>
		<Unit filename="srcs/esdl_init.c">
			<Option compilerVar="CC" />
		</Unit>
		<Unit filename="srcs/esdl_pixel.c">
			<Option compilerVar="CC" />
		</Unit>
		<Unit filename="srcs/esdl_surface.c">
			<Option compilerVar="CC" />
		</Unit>
		<Unit filename="srcs/kernel_isopencl.c">
			<Option compilerVar="CC" />
		</Unit>
		<Unit filename="srcs/main.c">
			<Option compilerVar="CC" />
		</Unit>
		<Unit filename="srcs/rt_camera.c">
			<Option compilerVar="CC" />
		</Unit>
		<Unit filename="srcs/rt_object.c">
			<Option compilerVar="CC" />
		</Unit>
		<Unit filename="srcs/rt_plane.c">
			<Option compilerVar="CC" />
		</Unit>
		<Unit filename="srcs/rt_ray.c">
			<Option compilerVar="CC" />
		</Unit>
		<Unit filename="srcs/rt_raytrace.c">
			<Option compilerVar="CC" />
		</Unit>
		<Unit filename="srcs/rt_scene.c">
			<Option compilerVar="CC" />
		</Unit>
		<Unit filename="srcs/rt_sphere.c">
			<Option compilerVar="CC" />
		</Unit>
		<Unit filename="srcs/v3_create.c">
			<Option compilerVar="CC" />
		</Unit>
		<Unit filename="srcs/v3_operation.c">
			<Option compilerVar="CC" />
		</Unit>
		<Unit filename="srcs/v3_transform.c">
			<Option compilerVar="CC" />
		</Unit>
		<Extensions>
			<code_completion />
			<envvars />
			<debugger />
			<lib_finder disable_auto="1" />
		</Extensions>
	</Project>
</CodeBlocks_project_file>
